
Microsoft Visual Studio Solution File, Format Version 12.00
# Visual Studio Version 17
VisualStudioVersion = 17.1.32421.90
MinimumVisualStudioVersion = 10.0.40219.1
Project("{8BC9CEB8-8B4A-11D0-8D11-00A0C91BC942}") = "BinarySearchTree", "BinarySearchTree\BinarySearchTree.vcxproj", "{7B2118D7-A56D-481C-A956-99FCD7D65951}"
EndProject
Global
	GlobalSection(SolutionConfigurationPlatforms) = preSolution
		Debug|x64 = Debug|x64
		Debug|x86 = Debug|x86
		Release|x64 = Release|x64
		Release|x86 = Release|x86
	EndGlobalSection
	GlobalSection(ProjectConfigurationPlatforms) = postSolution
		{7B2118D7-A56D-481C-A956-99FCD7D65951}.Debug|x64.ActiveCfg = Debug|x64
		{7B2118D7-A56D-481C-A956-99FCD7D65951}.Debug|x64.Build.0 = Debug|x64
		{7B2118D7-A56D-481C-A956-99FCD7D65951}.Debug|x86.ActiveCfg = Debug|Win32
		{7B2118D7-A56D-481C-A956-99FCD7D65951}.Debug|x86.Build.0 = Debug|Win32
		{7B2118D7-A56D-481C-A956-99FCD7D65951}.Release|x64.ActiveCfg = Release|x64
		{7B2118D7-A56D-481C-A956-99FCD7D65951}.Release|x64.Build.0 = Release|x64
		{7B2118D7-A56D-481C-A956-99FCD7D65951}.Release|x86.ActiveCfg = Release|Win32
		{7B2118D7-A56D-481C-A956-99FCD7D65951}.Release|x86.Build.0 = Release|Win32
	EndGlobalSection
	GlobalSection(SolutionProperties) = preSolution
		HideSolutionNode = FALSE
	EndGlobalSection
	GlobalSection(ExtensibilityGlobals) = postSolution
		SolutionGuid = {E928EA86-5A89-40C0-BB35-8BA1579D9545}
	EndGlobalSection
EndGlobal
